
Microsoft Visual Studio Solution File, Format Version 12.00
# Visual Studio Version 16
VisualStudioVersion = 16.0.30907.101
MinimumVisualStudioVersion = 10.0.40219.1
Project("{FAE04EC0-301F-11D3-BF4B-00C04F79EFBC}") = "Web.Api.Teste", "Web.Api.Teste\Web.Api.Teste.csproj", "{C23BAF7D-4E3F-4D79-B680-E29F395F71CB}"
EndProject
Global
	GlobalSection(SolutionConfigurationPlatforms) = preSolution
		Debug|Any CPU = Debug|Any CPU
		Release|Any CPU = Release|Any CPU
	EndGlobalSection
	GlobalSection(ProjectConfigurationPlatforms) = postSolution
		{C23BAF7D-4E3F-4D79-B680-E29F395F71CB}.Debug|Any CPU.ActiveCfg = Debug|Any CPU
		{C23BAF7D-4E3F-4D79-B680-E29F395F71CB}.Debug|Any CPU.Build.0 = Debug|Any CPU
		{C23BAF7D-4E3F-4D79-B680-E29F395F71CB}.Release|Any CPU.ActiveCfg = Release|Any CPU
		{C23BAF7D-4E3F-4D79-B680-E29F395F71CB}.Release|Any CPU.Build.0 = Release|Any CPU
	EndGlobalSection
	GlobalSection(SolutionProperties) = preSolution
		HideSolutionNode = FALSE
	EndGlobalSection
	GlobalSection(ExtensibilityGlobals) = postSolution
		SolutionGuid = {C8505BED-61FC-4234-BA74-5C9837CC2ED0}
	EndGlobalSection
EndGlobal
